
Microsoft Visual Studio Solution File, Format Version 12.00
Project("{F2A71F9B-5D33-465A-A702-920D77279786}") = "fshort", "fshort\fshort.fsproj", "{B2B18358-6AA6-41C7-A036-D552327859A6}"
EndProject
Global
	GlobalSection(SolutionConfigurationPlatforms) = preSolution
		Debug|Any CPU = Debug|Any CPU
		Release|Any CPU = Release|Any CPU
	EndGlobalSection
	GlobalSection(ProjectConfigurationPlatforms) = postSolution
		{B2B18358-6AA6-41C7-A036-D552327859A6}.Debug|Any CPU.ActiveCfg = Debug|Any CPU
		{B2B18358-6AA6-41C7-A036-D552327859A6}.Debug|Any CPU.Build.0 = Debug|Any CPU
		{B2B18358-6AA6-41C7-A036-D552327859A6}.Release|Any CPU.ActiveCfg = Release|Any CPU
		{B2B18358-6AA6-41C7-A036-D552327859A6}.Release|Any CPU.Build.0 = Release|Any CPU
	EndGlobalSection
EndGlobal
